
Microsoft Visual Studio Solution File, Format Version 12.00
# Visual Studio 2017
Project("{FAE04EC0-301F-11D3-BF4B-00C04F79EFBC}") = "AutonomousCar", "AutonomousCar.csproj", "{4C4EAD70-7338-E50C-A633-4F4252B0F8A8}"
EndProject
Project("{FAE04EC0-301F-11D3-BF4B-00C04F79EFBC}") = "AutonomousCar.Editor", "AutonomousCar.Editor.csproj", "{A24751F3-1623-6552-88F3-C09447AA7F62}"
EndProject
Global
	GlobalSection(SolutionConfigurationPlatforms) = preSolution
		Debug|Any CPU = Debug|Any CPU
		Release|Any CPU = Release|Any CPU
	EndGlobalSection
	GlobalSection(ProjectConfigurationPlatforms) = postSolution
		{4C4EAD70-7338-E50C-A633-4F4252B0F8A8}.Debug|Any CPU.ActiveCfg = Debug|Any CPU
		{4C4EAD70-7338-E50C-A633-4F4252B0F8A8}.Debug|Any CPU.Build.0 = Debug|Any CPU
		{4C4EAD70-7338-E50C-A633-4F4252B0F8A8}.Release|Any CPU.ActiveCfg = Release|Any CPU
		{4C4EAD70-7338-E50C-A633-4F4252B0F8A8}.Release|Any CPU.Build.0 = Release|Any CPU
		{A24751F3-1623-6552-88F3-C09447AA7F62}.Debug|Any CPU.ActiveCfg = Debug|Any CPU
		{A24751F3-1623-6552-88F3-C09447AA7F62}.Debug|Any CPU.Build.0 = Debug|Any CPU
		{A24751F3-1623-6552-88F3-C09447AA7F62}.Release|Any CPU.ActiveCfg = Release|Any CPU
		{A24751F3-1623-6552-88F3-C09447AA7F62}.Release|Any CPU.Build.0 = Release|Any CPU
	EndGlobalSection
	GlobalSection(SolutionProperties) = preSolution
		HideSolutionNode = FALSE
	EndGlobalSection
EndGlobal
